
Microsoft Visual Studio Solution File, Format Version 12.00
# Visual Studio Version 17
VisualStudioVersion = 17.13.35806.99 d17.13
MinimumVisualStudioVersion = 10.0.40219.1
Project("{FAE04EC0-301F-11D3-BF4B-00C04F79EFBC}") = "quanlyquancafes", "quanlyquancafes\quanlyquancafes.csproj", "{ABD85E9E-FDD2-474E-86CA-0B37AC472F8A}"
EndProject
Global
	GlobalSection(SolutionConfigurationPlatforms) = preSolution
		Debug|Any CPU = Debug|Any CPU
		Release|Any CPU = Release|Any CPU
	EndGlobalSection
	GlobalSection(ProjectConfigurationPlatforms) = postSolution
		{ABD85E9E-FDD2-474E-86CA-0B37AC472F8A}.Debug|Any CPU.ActiveCfg = Debug|Any CPU
		{ABD85E9E-FDD2-474E-86CA-0B37AC472F8A}.Debug|Any CPU.Build.0 = Debug|Any CPU
		{ABD85E9E-FDD2-474E-86CA-0B37AC472F8A}.Release|Any CPU.ActiveCfg = Release|Any CPU
		{ABD85E9E-FDD2-474E-86CA-0B37AC472F8A}.Release|Any CPU.Build.0 = Release|Any CPU
	EndGlobalSection
	GlobalSection(SolutionProperties) = preSolution
		HideSolutionNode = FALSE
	EndGlobalSection
	GlobalSection(ExtensibilityGlobals) = postSolution
		SolutionGuid = {5B88E387-20DF-4D3C-9B31-59566A2ED830}
	EndGlobalSection
EndGlobal
